
Microsoft Visual Studio Solution File, Format Version 12.00
# Visual Studio Version 17
VisualStudioVersion = 17.0.31903.59
MinimumVisualStudioVersion = 10.0.40219.1
Project("{FAE04EC0-301F-11D3-BF4B-00C04F79EFBC}") = "BoothZipInspector", "BoothZipInspector\BoothZipInspector.csproj", "{361B7DB2-426B-4596-A24C-80D524338DBA}"
EndProject
Project("{FAE04EC0-301F-11D3-BF4B-00C04F79EFBC}") = "BoothZipInspector.Tests", "BoothZipInspector.Tests\BoothZipInspector.Tests.csproj", "{4F8226DD-8A03-4F0E-B0B4-32B0DDC75211}"
EndProject
Project("{2150E333-8FDC-42A3-9474-1A3956D46DE8}") = "experiments", "experiments", "{8E1D1CCC-9289-C849-48CA-D7E099D02B6F}"
EndProject
Project("{FAE04EC0-301F-11D3-BF4B-00C04F79EFBC}") = "UnityPackageProbe", "experiments\UnityPackageProbe\UnityPackageProbe.csproj", "{6AD30770-81EA-436E-A7BC-46942EDDB81C}"
EndProject
Project("{FAE04EC0-301F-11D3-BF4B-00C04F79EFBC}") = "ThumbnailHashProbe", "experiments\ThumbnailHashProbe\ThumbnailHashProbe.csproj", "{80D6F784-D797-4A28-9B32-F1F1E4DCE576}"
EndProject
Project("{FAE04EC0-301F-11D3-BF4B-00C04F79EFBC}") = "JapaneseBridgeProbe", "experiments\JapaneseBridgeProbe\JapaneseBridgeProbe.csproj", "{C4D2A3B4-F14B-4C43-84A3-76D51ED5A266}"
EndProject
Project("{FAE04EC0-301F-11D3-BF4B-00C04F79EFBC}") = "BrowserHistoryProbe", "experiments\BrowserHistoryProbe\BrowserHistoryProbe.csproj", "{967E7D80-86D2-45F1-BE76-B894CF6C8BE0}"
EndProject
Project("{FAE04EC0-301F-11D3-BF4B-00C04F79EFBC}") = "BoothIdResolver", "BoothIdResolver\BoothIdResolver.csproj", "{272C715F-B725-4E3D-9841-498EF13C2960}"
EndProject
Project("{FAE04EC0-301F-11D3-BF4B-00C04F79EFBC}") = "BoothIdResolver.Tests", "BoothIdResolver.Tests\BoothIdResolver.Tests.csproj", "{8FC3CE1C-4B2E-4798-AC7F-57101F643180}"
EndProject
Project("{FAE04EC0-301F-11D3-BF4B-00C04F79EFBC}") = "BoothAssetManager.Core", "BoothAssetManager.Core\BoothAssetManager.Core.csproj", "{8124887B-9C61-46AF-A691-DEF46817314C}"
EndProject
Project("{FAE04EC0-301F-11D3-BF4B-00C04F79EFBC}") = "BoothAssetManager.Core.Tests", "BoothAssetManager.Core.Tests\BoothAssetManager.Core.Tests.csproj", "{D46222C2-F10F-48DB-A471-4F65B7CF4FB4}"
EndProject
Project("{FAE04EC0-301F-11D3-BF4B-00C04F79EFBC}") = "BoothAssetManager.Cli", "BoothAssetManager.Cli\BoothAssetManager.Cli.csproj", "{0E6AD294-7FE4-4C5A-99A0-3B2C5F0E15F0}"
EndProject
Project("{FAE04EC0-301F-11D3-BF4B-00C04F79EFBC}") = "BoothAssetManager.App", "BoothAssetManager.App\BoothAssetManager.App.csproj", "{50650619-08F3-49BC-A349-017B9C0F7FDC}"
EndProject
Global
	GlobalSection(SolutionConfigurationPlatforms) = preSolution
		Debug|Any CPU = Debug|Any CPU
		Debug|x64 = Debug|x64
		Debug|x86 = Debug|x86
		Release|Any CPU = Release|Any CPU
		Release|x64 = Release|x64
		Release|x86 = Release|x86
	EndGlobalSection
	GlobalSection(ProjectConfigurationPlatforms) = postSolution
		{361B7DB2-426B-4596-A24C-80D524338DBA}.Debug|Any CPU.ActiveCfg = Debug|Any CPU
		{361B7DB2-426B-4596-A24C-80D524338DBA}.Debug|Any CPU.Build.0 = Debug|Any CPU
		{361B7DB2-426B-4596-A24C-80D524338DBA}.Debug|x64.ActiveCfg = Debug|Any CPU
		{361B7DB2-426B-4596-A24C-80D524338DBA}.Debug|x64.Build.0 = Debug|Any CPU
		{361B7DB2-426B-4596-A24C-80D524338DBA}.Debug|x86.ActiveCfg = Debug|Any CPU
		{361B7DB2-426B-4596-A24C-80D524338DBA}.Debug|x86.Build.0 = Debug|Any CPU
		{361B7DB2-426B-4596-A24C-80D524338DBA}.Release|Any CPU.ActiveCfg = Release|Any CPU
		{361B7DB2-426B-4596-A24C-80D524338DBA}.Release|Any CPU.Build.0 = Release|Any CPU
		{361B7DB2-426B-4596-A24C-80D524338DBA}.Release|x64.ActiveCfg = Release|Any CPU
		{361B7DB2-426B-4596-A24C-80D524338DBA}.Release|x64.Build.0 = Release|Any CPU
		{361B7DB2-426B-4596-A24C-80D524338DBA}.Release|x86.ActiveCfg = Release|Any CPU
		{361B7DB2-426B-4596-A24C-80D524338DBA}.Release|x86.Build.0 = Release|Any CPU
		{4F8226DD-8A03-4F0E-B0B4-32B0DDC75211}.Debug|Any CPU.ActiveCfg = Debug|Any CPU
		{4F8226DD-8A03-4F0E-B0B4-32B0DDC75211}.Debug|Any CPU.Build.0 = Debug|Any CPU
		{4F8226DD-8A03-4F0E-B0B4-32B0DDC75211}.Debug|x64.ActiveCfg = Debug|Any CPU
		{4F8226DD-8A03-4F0E-B0B4-32B0DDC75211}.Debug|x64.Build.0 = Debug|Any CPU
		{4F8226DD-8A03-4F0E-B0B4-32B0DDC75211}.Debug|x86.ActiveCfg = Debug|Any CPU
		{4F8226DD-8A03-4F0E-B0B4-32B0DDC75211}.Debug|x86.Build.0 = Debug|Any CPU
		{4F8226DD-8A03-4F0E-B0B4-32B0DDC75211}.Release|Any CPU.ActiveCfg = Release|Any CPU
		{4F8226DD-8A03-4F0E-B0B4-32B0DDC75211}.Release|Any CPU.Build.0 = Release|Any CPU
		{4F8226DD-8A03-4F0E-B0B4-32B0DDC75211}.Release|x64.ActiveCfg = Release|Any CPU
		{4F8226DD-8A03-4F0E-B0B4-32B0DDC75211}.Release|x64.Build.0 = Release|Any CPU
		{4F8226DD-8A03-4F0E-B0B4-32B0DDC75211}.Release|x86.ActiveCfg = Release|Any CPU
		{4F8226DD-8A03-4F0E-B0B4-32B0DDC75211}.Release|x86.Build.0 = Release|Any CPU
		{6AD30770-81EA-436E-A7BC-46942EDDB81C}.Debug|Any CPU.ActiveCfg = Debug|Any CPU
		{6AD30770-81EA-436E-A7BC-46942EDDB81C}.Debug|Any CPU.Build.0 = Debug|Any CPU
		{6AD30770-81EA-436E-A7BC-46942EDDB81C}.Debug|x64.ActiveCfg = Debug|Any CPU
		{6AD30770-81EA-436E-A7BC-46942EDDB81C}.Debug|x64.Build.0 = Debug|Any CPU
		{6AD30770-81EA-436E-A7BC-46942EDDB81C}.Debug|x86.ActiveCfg = Debug|Any CPU
		{6AD30770-81EA-436E-A7BC-46942EDDB81C}.Debug|x86.Build.0 = Debug|Any CPU
		{6AD30770-81EA-436E-A7BC-46942EDDB81C}.Release|Any CPU.ActiveCfg = Release|Any CPU
		{6AD30770-81EA-436E-A7BC-46942EDDB81C}.Release|Any CPU.Build.0 = Release|Any CPU
		{6AD30770-81EA-436E-A7BC-46942EDDB81C}.Release|x64.ActiveCfg = Release|Any CPU
		{6AD30770-81EA-436E-A7BC-46942EDDB81C}.Release|x64.Build.0 = Release|Any CPU
		{6AD30770-81EA-436E-A7BC-46942EDDB81C}.Release|x86.ActiveCfg = Release|Any CPU
		{6AD30770-81EA-436E-A7BC-46942EDDB81C}.Release|x86.Build.0 = Release|Any CPU
		{80D6F784-D797-4A28-9B32-F1F1E4DCE576}.Debug|Any CPU.ActiveCfg = Debug|Any CPU
		{80D6F784-D797-4A28-9B32-F1F1E4DCE576}.Debug|Any CPU.Build.0 = Debug|Any CPU
		{80D6F784-D797-4A28-9B32-F1F1E4DCE576}.Debug|x64.ActiveCfg = Debug|Any CPU
		{80D6F784-D797-4A28-9B32-F1F1E4DCE576}.Debug|x64.Build.0 = Debug|Any CPU
		{80D6F784-D797-4A28-9B32-F1F1E4DCE576}.Debug|x86.ActiveCfg = Debug|Any CPU
		{80D6F784-D797-4A28-9B32-F1F1E4DCE576}.Debug|x86.Build.0 = Debug|Any CPU
		{80D6F784-D797-4A28-9B32-F1F1E4DCE576}.Release|Any CPU.ActiveCfg = Release|Any CPU
		{80D6F784-D797-4A28-9B32-F1F1E4DCE576}.Release|Any CPU.Build.0 = Release|Any CPU
		{80D6F784-D797-4A28-9B32-F1F1E4DCE576}.Release|x64.ActiveCfg = Release|Any CPU
		{80D6F784-D797-4A28-9B32-F1F1E4DCE576}.Release|x64.Build.0 = Release|Any CPU
		{80D6F784-D797-4A28-9B32-F1F1E4DCE576}.Release|x86.ActiveCfg = Release|Any CPU
		{80D6F784-D797-4A28-9B32-F1F1E4DCE576}.Release|x86.Build.0 = Release|Any CPU
		{C4D2A3B4-F14B-4C43-84A3-76D51ED5A266}.Debug|Any CPU.ActiveCfg = Debug|Any CPU
		{C4D2A3B4-F14B-4C43-84A3-76D51ED5A266}.Debug|Any CPU.Build.0 = Debug|Any CPU
		{C4D2A3B4-F14B-4C43-84A3-76D51ED5A266}.Debug|x64.ActiveCfg = Debug|Any CPU
		{C4D2A3B4-F14B-4C43-84A3-76D51ED5A266}.Debug|x64.Build.0 = Debug|Any CPU
		{C4D2A3B4-F14B-4C43-84A3-76D51ED5A266}.Debug|x86.ActiveCfg = Debug|Any CPU
		{C4D2A3B4-F14B-4C43-84A3-76D51ED5A266}.Debug|x86.Build.0 = Debug|Any CPU
		{C4D2A3B4-F14B-4C43-84A3-76D51ED5A266}.Release|Any CPU.ActiveCfg = Release|Any CPU
		{C4D2A3B4-F14B-4C43-84A3-76D51ED5A266}.Release|Any CPU.Build.0 = Release|Any CPU
		{C4D2A3B4-F14B-4C43-84A3-76D51ED5A266}.Release|x64.ActiveCfg = Release|Any CPU
		{C4D2A3B4-F14B-4C43-84A3-76D51ED5A266}.Release|x64.Build.0 = Release|Any CPU
		{C4D2A3B4-F14B-4C43-84A3-76D51ED5A266}.Release|x86.ActiveCfg = Release|Any CPU
		{C4D2A3B4-F14B-4C43-84A3-76D51ED5A266}.Release|x86.Build.0 = Release|Any CPU
		{967E7D80-86D2-45F1-BE76-B894CF6C8BE0}.Debug|Any CPU.ActiveCfg = Debug|Any CPU
		{967E7D80-86D2-45F1-BE76-B894CF6C8BE0}.Debug|Any CPU.Build.0 = Debug|Any CPU
		{967E7D80-86D2-45F1-BE76-B894CF6C8BE0}.Debug|x64.ActiveCfg = Debug|Any CPU
		{967E7D80-86D2-45F1-BE76-B894CF6C8BE0}.Debug|x64.Build.0 = Debug|Any CPU
		{967E7D80-86D2-45F1-BE76-B894CF6C8BE0}.Debug|x86.ActiveCfg = Debug|Any CPU
		{967E7D80-86D2-45F1-BE76-B894CF6C8BE0}.Debug|x86.Build.0 = Debug|Any CPU
		{967E7D80-86D2-45F1-BE76-B894CF6C8BE0}.Release|Any CPU.ActiveCfg = Release|Any CPU
		{967E7D80-86D2-45F1-BE76-B894CF6C8BE0}.Release|Any CPU.Build.0 = Release|Any CPU
		{967E7D80-86D2-45F1-BE76-B894CF6C8BE0}.Release|x64.ActiveCfg = Release|Any CPU
		{967E7D80-86D2-45F1-BE76-B894CF6C8BE0}.Release|x64.Build.0 = Release|Any CPU
		{967E7D80-86D2-45F1-BE76-B894CF6C8BE0}.Release|x86.ActiveCfg = Release|Any CPU
		{967E7D80-86D2-45F1-BE76-B894CF6C8BE0}.Release|x86.Build.0 = Release|Any CPU
		{272C715F-B725-4E3D-9841-498EF13C2960}.Debug|Any CPU.ActiveCfg = Debug|Any CPU
		{272C715F-B725-4E3D-9841-498EF13C2960}.Debug|Any CPU.Build.0 = Debug|Any CPU
		{272C715F-B725-4E3D-9841-498EF13C2960}.Debug|x64.ActiveCfg = Debug|Any CPU
		{272C715F-B725-4E3D-9841-498EF13C2960}.Debug|x64.Build.0 = Debug|Any CPU
		{272C715F-B725-4E3D-9841-498EF13C2960}.Debug|x86.ActiveCfg = Debug|Any CPU
		{272C715F-B725-4E3D-9841-498EF13C2960}.Debug|x86.Build.0 = Debug|Any CPU
		{272C715F-B725-4E3D-9841-498EF13C2960}.Release|Any CPU.ActiveCfg = Release|Any CPU
		{272C715F-B725-4E3D-9841-498EF13C2960}.Release|Any CPU.Build.0 = Release|Any CPU
		{272C715F-B725-4E3D-9841-498EF13C2960}.Release|x64.ActiveCfg = Release|Any CPU
		{272C715F-B725-4E3D-9841-498EF13C2960}.Release|x64.Build.0 = Release|Any CPU
		{272C715F-B725-4E3D-9841-498EF13C2960}.Release|x86.ActiveCfg = Release|Any CPU
		{272C715F-B725-4E3D-9841-498EF13C2960}.Release|x86.Build.0 = Release|Any CPU
		{8FC3CE1C-4B2E-4798-AC7F-57101F643180}.Debug|Any CPU.ActiveCfg = Debug|Any CPU
		{8FC3CE1C-4B2E-4798-AC7F-57101F643180}.Debug|Any CPU.Build.0 = Debug|Any CPU
		{8FC3CE1C-4B2E-4798-AC7F-57101F643180}.Debug|x64.ActiveCfg = Debug|Any CPU
		{8FC3CE1C-4B2E-4798-AC7F-57101F643180}.Debug|x64.Build.0 = Debug|Any CPU
		{8FC3CE1C-4B2E-4798-AC7F-57101F643180}.Debug|x86.ActiveCfg = Debug|Any CPU
		{8FC3CE1C-4B2E-4798-AC7F-57101F643180}.Debug|x86.Build.0 = Debug|Any CPU
		{8FC3CE1C-4B2E-4798-AC7F-57101F643180}.Release|Any CPU.ActiveCfg = Release|Any CPU
		{8FC3CE1C-4B2E-4798-AC7F-57101F643180}.Release|Any CPU.Build.0 = Release|Any CPU
		{8FC3CE1C-4B2E-4798-AC7F-57101F643180}.Release|x64.ActiveCfg = Release|Any CPU
		{8FC3CE1C-4B2E-4798-AC7F-57101F643180}.Release|x64.Build.0 = Release|Any CPU
		{8FC3CE1C-4B2E-4798-AC7F-57101F643180}.Release|x86.ActiveCfg = Release|Any CPU
		{8FC3CE1C-4B2E-4798-AC7F-57101F643180}.Release|x86.Build.0 = Release|Any CPU
		{8124887B-9C61-46AF-A691-DEF46817314C}.Debug|Any CPU.ActiveCfg = Debug|Any CPU
		{8124887B-9C61-46AF-A691-DEF46817314C}.Debug|Any CPU.Build.0 = Debug|Any CPU
		{8124887B-9C61-46AF-A691-DEF46817314C}.Debug|x64.ActiveCfg = Debug|Any CPU
		{8124887B-9C61-46AF-A691-DEF46817314C}.Debug|x64.Build.0 = Debug|Any CPU
		{8124887B-9C61-46AF-A691-DEF46817314C}.Debug|x86.ActiveCfg = Debug|Any CPU
		{8124887B-9C61-46AF-A691-DEF46817314C}.Debug|x86.Build.0 = Debug|Any CPU
		{8124887B-9C61-46AF-A691-DEF46817314C}.Release|Any CPU.ActiveCfg = Release|Any CPU
		{8124887B-9C61-46AF-A691-DEF46817314C}.Release|Any CPU.Build.0 = Release|Any CPU
		{8124887B-9C61-46AF-A691-DEF46817314C}.Release|x64.ActiveCfg = Release|Any CPU
		{8124887B-9C61-46AF-A691-DEF46817314C}.Release|x64.Build.0 = Release|Any CPU
		{8124887B-9C61-46AF-A691-DEF46817314C}.Release|x86.ActiveCfg = Release|Any CPU
		{8124887B-9C61-46AF-A691-DEF46817314C}.Release|x86.Build.0 = Release|Any CPU
		{D46222C2-F10F-48DB-A471-4F65B7CF4FB4}.Debug|Any CPU.ActiveCfg = Debug|Any CPU
		{D46222C2-F10F-48DB-A471-4F65B7CF4FB4}.Debug|Any CPU.Build.0 = Debug|Any CPU
		{D46222C2-F10F-48DB-A471-4F65B7CF4FB4}.Debug|x64.ActiveCfg = Debug|Any CPU
		{D46222C2-F10F-48DB-A471-4F65B7CF4FB4}.Debug|x64.Build.0 = Debug|Any CPU
		{D46222C2-F10F-48DB-A471-4F65B7CF4FB4}.Debug|x86.ActiveCfg = Debug|Any CPU
		{D46222C2-F10F-48DB-A471-4F65B7CF4FB4}.Debug|x86.Build.0 = Debug|Any CPU
		{D46222C2-F10F-48DB-A471-4F65B7CF4FB4}.Release|Any CPU.ActiveCfg = Release|Any CPU
		{D46222C2-F10F-48DB-A471-4F65B7CF4FB4}.Release|Any CPU.Build.0 = Release|Any CPU
		{D46222C2-F10F-48DB-A471-4F65B7CF4FB4}.Release|x64.ActiveCfg = Release|Any CPU
		{D46222C2-F10F-48DB-A471-4F65B7CF4FB4}.Release|x64.Build.0 = Release|Any CPU
		{D46222C2-F10F-48DB-A471-4F65B7CF4FB4}.Release|x86.ActiveCfg = Release|Any CPU
		{D46222C2-F10F-48DB-A471-4F65B7CF4FB4}.Release|x86.Build.0 = Release|Any CPU
		{0E6AD294-7FE4-4C5A-99A0-3B2C5F0E15F0}.Debug|Any CPU.ActiveCfg = Debug|Any CPU
		{0E6AD294-7FE4-4C5A-99A0-3B2C5F0E15F0}.Debug|Any CPU.Build.0 = Debug|Any CPU
		{0E6AD294-7FE4-4C5A-99A0-3B2C5F0E15F0}.Debug|x64.ActiveCfg = Debug|Any CPU
		{0E6AD294-7FE4-4C5A-99A0-3B2C5F0E15F0}.Debug|x64.Build.0 = Debug|Any CPU
		{0E6AD294-7FE4-4C5A-99A0-3B2C5F0E15F0}.Debug|x86.ActiveCfg = Debug|Any CPU
		{0E6AD294-7FE4-4C5A-99A0-3B2C5F0E15F0}.Debug|x86.Build.0 = Debug|Any CPU
		{0E6AD294-7FE4-4C5A-99A0-3B2C5F0E15F0}.Release|Any CPU.ActiveCfg = Release|Any CPU
		{0E6AD294-7FE4-4C5A-99A0-3B2C5F0E15F0}.Release|Any CPU.Build.0 = Release|Any CPU
		{0E6AD294-7FE4-4C5A-99A0-3B2C5F0E15F0}.Release|x64.ActiveCfg = Release|Any CPU
		{0E6AD294-7FE4-4C5A-99A0-3B2C5F0E15F0}.Release|x64.Build.0 = Release|Any CPU
		{0E6AD294-7FE4-4C5A-99A0-3B2C5F0E15F0}.Release|x86.ActiveCfg = Release|Any CPU
		{0E6AD294-7FE4-4C5A-99A0-3B2C5F0E15F0}.Release|x86.Build.0 = Release|Any CPU
		{50650619-08F3-49BC-A349-017B9C0F7FDC}.Debug|Any CPU.ActiveCfg = Debug|Any CPU
		{50650619-08F3-49BC-A349-017B9C0F7FDC}.Debug|Any CPU.Build.0 = Debug|Any CPU
		{50650619-08F3-49BC-A349-017B9C0F7FDC}.Debug|x64.ActiveCfg = Debug|Any CPU
		{50650619-08F3-49BC-A349-017B9C0F7FDC}.Debug|x64.Build.0 = Debug|Any CPU
		{50650619-08F3-49BC-A349-017B9C0F7FDC}.Debug|x86.ActiveCfg = Debug|Any CPU
		{50650619-08F3-49BC-A349-017B9C0F7FDC}.Debug|x86.Build.0 = Debug|Any CPU
		{50650619-08F3-49BC-A349-017B9C0F7FDC}.Release|Any CPU.ActiveCfg = Release|Any CPU
		{50650619-08F3-49BC-A349-017B9C0F7FDC}.Release|Any CPU.Build.0 = Release|Any CPU
		{50650619-08F3-49BC-A349-017B9C0F7FDC}.Release|x64.ActiveCfg = Release|Any CPU
		{50650619-08F3-49BC-A349-017B9C0F7FDC}.Release|x64.Build.0 = Release|Any CPU
		{50650619-08F3-49BC-A349-017B9C0F7FDC}.Release|x86.ActiveCfg = Release|Any CPU
		{50650619-08F3-49BC-A349-017B9C0F7FDC}.Release|x86.Build.0 = Release|Any CPU
	EndGlobalSection
	GlobalSection(SolutionProperties) = preSolution
		HideSolutionNode = FALSE
	EndGlobalSection
	GlobalSection(NestedProjects) = preSolution
		{6AD30770-81EA-436E-A7BC-46942EDDB81C} = {8E1D1CCC-9289-C849-48CA-D7E099D02B6F}
		{80D6F784-D797-4A28-9B32-F1F1E4DCE576} = {8E1D1CCC-9289-C849-48CA-D7E099D02B6F}
		{C4D2A3B4-F14B-4C43-84A3-76D51ED5A266} = {8E1D1CCC-9289-C849-48CA-D7E099D02B6F}
		{967E7D80-86D2-45F1-BE76-B894CF6C8BE0} = {8E1D1CCC-9289-C849-48CA-D7E099D02B6F}
	EndGlobalSection
EndGlobal
