
Microsoft Visual Studio Solution File, Format Version 12.00
# Visual Studio Version 17
VisualStudioVersion = 17.0.31903.59
MinimumVisualStudioVersion = 10.0.40219.1
Project("{FAE04EC0-301F-11D3-BF4B-00C04F79EFBC}") = "BoothZipInspector", "BoothZipInspector\BoothZipInspector.csproj", "{361B7DB2-426B-4596-A24C-80D524338DBA}"
EndProject
Project("{FAE04EC0-301F-11D3-BF4B-00C04F79EFBC}") = "BoothZipInspector.Tests", "BoothZipInspector.Tests\BoothZipInspector.Tests.csproj", "{4F8226DD-8A03-4F0E-B0B4-32B0DDC75211}"
EndProject
Project("{FAE04EC0-301F-11D3-BF4B-00C04F79EFBC}") = "BoothIdResolver", "BoothIdResolver\BoothIdResolver.csproj", "{272C715F-B725-4E3D-9841-498EF13C2960}"
EndProject
Project("{FAE04EC0-301F-11D3-BF4B-00C04F79EFBC}") = "BoothIdResolver.Tests", "BoothIdResolver.Tests\BoothIdResolver.Tests.csproj", "{8FC3CE1C-4B2E-4798-AC7F-57101F643180}"
EndProject
Project("{FAE04EC0-301F-11D3-BF4B-00C04F79EFBC}") = "Chmonos.Core", "Chmonos.Core\Chmonos.Core.csproj", "{8124887B-9C61-46AF-A691-DEF46817314C}"
EndProject
Project("{FAE04EC0-301F-11D3-BF4B-00C04F79EFBC}") = "Chmonos.Core.Tests", "Chmonos.Core.Tests\Chmonos.Core.Tests.csproj", "{D46222C2-F10F-48DB-A471-4F65B7CF4FB4}"
EndProject
Project("{FAE04EC0-301F-11D3-BF4B-00C04F79EFBC}") = "Chmonos.Cli", "Chmonos.Cli\Chmonos.Cli.csproj", "{0E6AD294-7FE4-4C5A-99A0-3B2C5F0E15F0}"
EndProject
Project("{FAE04EC0-301F-11D3-BF4B-00C04F79EFBC}") = "Chmonos.App", "Chmonos.App\Chmonos.App.csproj", "{50650619-08F3-49BC-A349-017B9C0F7FDC}"
EndProject
Project("{2150E333-8FDC-42A3-9474-1A3956D46DE8}") = "tools", "tools", "{07C2787E-EAC7-C090-1BA3-A61EC2A24D84}"
EndProject
Project("{FAE04EC0-301F-11D3-BF4B-00C04F79EFBC}") = "ViewShot", "tools\ViewShot\ViewShot.csproj", "{16EF13D6-5CA5-4678-8D07-F61F1CC57B70}"
EndProject
Project("{FAE04EC0-301F-11D3-BF4B-00C04F79EFBC}") = "Chmonos.App.Tests", "Chmonos.App.Tests\Chmonos.App.Tests.csproj", "{830F3C8C-DB8F-48F4-B93E-3776F462F7F2}"
EndProject
Project("{FAE04EC0-301F-11D3-BF4B-00C04F79EFBC}") = "SandboxGen", "tools\SandboxGen\SandboxGen.csproj", "{F3467F51-7353-42ED-88CD-F51AA106A2BC}"
EndProject
Project("{FAE04EC0-301F-11D3-BF4B-00C04F79EFBC}") = "NullPriceFix", "tools\NullPriceFix\NullPriceFix.csproj", "{5D8229B8-D313-4898-B1B4-FE4482655D36}"
EndProject
Global
	GlobalSection(SolutionConfigurationPlatforms) = preSolution
		Debug|Any CPU = Debug|Any CPU
		Debug|x64 = Debug|x64
		Debug|x86 = Debug|x86
		Release|Any CPU = Release|Any CPU
		Release|x64 = Release|x64
		Release|x86 = Release|x86
	EndGlobalSection
	GlobalSection(ProjectConfigurationPlatforms) = postSolution
		{361B7DB2-426B-4596-A24C-80D524338DBA}.Debug|Any CPU.ActiveCfg = Debug|Any CPU
		{361B7DB2-426B-4596-A24C-80D524338DBA}.Debug|Any CPU.Build.0 = Debug|Any CPU
		{361B7DB2-426B-4596-A24C-80D524338DBA}.Debug|x64.ActiveCfg = Debug|Any CPU
		{361B7DB2-426B-4596-A24C-80D524338DBA}.Debug|x64.Build.0 = Debug|Any CPU
		{361B7DB2-426B-4596-A24C-80D524338DBA}.Debug|x86.ActiveCfg = Debug|Any CPU
		{361B7DB2-426B-4596-A24C-80D524338DBA}.Debug|x86.Build.0 = Debug|Any CPU
		{361B7DB2-426B-4596-A24C-80D524338DBA}.Release|Any CPU.ActiveCfg = Release|Any CPU
		{361B7DB2-426B-4596-A24C-80D524338DBA}.Release|Any CPU.Build.0 = Release|Any CPU
		{361B7DB2-426B-4596-A24C-80D524338DBA}.Release|x64.ActiveCfg = Release|Any CPU
		{361B7DB2-426B-4596-A24C-80D524338DBA}.Release|x64.Build.0 = Release|Any CPU
		{361B7DB2-426B-4596-A24C-80D524338DBA}.Release|x86.ActiveCfg = Release|Any CPU
		{361B7DB2-426B-4596-A24C-80D524338DBA}.Release|x86.Build.0 = Release|Any CPU
		{4F8226DD-8A03-4F0E-B0B4-32B0DDC75211}.Debug|Any CPU.ActiveCfg = Debug|Any CPU
		{4F8226DD-8A03-4F0E-B0B4-32B0DDC75211}.Debug|Any CPU.Build.0 = Debug|Any CPU
		{4F8226DD-8A03-4F0E-B0B4-32B0DDC75211}.Debug|x64.ActiveCfg = Debug|Any CPU
		{4F8226DD-8A03-4F0E-B0B4-32B0DDC75211}.Debug|x64.Build.0 = Debug|Any CPU
		{4F8226DD-8A03-4F0E-B0B4-32B0DDC75211}.Debug|x86.ActiveCfg = Debug|Any CPU
		{4F8226DD-8A03-4F0E-B0B4-32B0DDC75211}.Debug|x86.Build.0 = Debug|Any CPU
		{4F8226DD-8A03-4F0E-B0B4-32B0DDC75211}.Release|Any CPU.ActiveCfg = Release|Any CPU
		{4F8226DD-8A03-4F0E-B0B4-32B0DDC75211}.Release|Any CPU.Build.0 = Release|Any CPU
		{4F8226DD-8A03-4F0E-B0B4-32B0DDC75211}.Release|x64.ActiveCfg = Release|Any CPU
		{4F8226DD-8A03-4F0E-B0B4-32B0DDC75211}.Release|x64.Build.0 = Release|Any CPU
		{4F8226DD-8A03-4F0E-B0B4-32B0DDC75211}.Release|x86.ActiveCfg = Release|Any CPU
		{4F8226DD-8A03-4F0E-B0B4-32B0DDC75211}.Release|x86.Build.0 = Release|Any CPU
		{272C715F-B725-4E3D-9841-498EF13C2960}.Debug|Any CPU.ActiveCfg = Debug|Any CPU
		{272C715F-B725-4E3D-9841-498EF13C2960}.Debug|Any CPU.Build.0 = Debug|Any CPU
		{272C715F-B725-4E3D-9841-498EF13C2960}.Debug|x64.ActiveCfg = Debug|Any CPU
		{272C715F-B725-4E3D-9841-498EF13C2960}.Debug|x64.Build.0 = Debug|Any CPU
		{272C715F-B725-4E3D-9841-498EF13C2960}.Debug|x86.ActiveCfg = Debug|Any CPU
		{272C715F-B725-4E3D-9841-498EF13C2960}.Debug|x86.Build.0 = Debug|Any CPU
		{272C715F-B725-4E3D-9841-498EF13C2960}.Release|Any CPU.ActiveCfg = Release|Any CPU
		{272C715F-B725-4E3D-9841-498EF13C2960}.Release|Any CPU.Build.0 = Release|Any CPU
		{272C715F-B725-4E3D-9841-498EF13C2960}.Release|x64.ActiveCfg = Release|Any CPU
		{272C715F-B725-4E3D-9841-498EF13C2960}.Release|x64.Build.0 = Release|Any CPU
		{272C715F-B725-4E3D-9841-498EF13C2960}.Release|x86.ActiveCfg = Release|Any CPU
		{272C715F-B725-4E3D-9841-498EF13C2960}.Release|x86.Build.0 = Release|Any CPU
		{8FC3CE1C-4B2E-4798-AC7F-57101F643180}.Debug|Any CPU.ActiveCfg = Debug|Any CPU
		{8FC3CE1C-4B2E-4798-AC7F-57101F643180}.Debug|Any CPU.Build.0 = Debug|Any CPU
		{8FC3CE1C-4B2E-4798-AC7F-57101F643180}.Debug|x64.ActiveCfg = Debug|Any CPU
		{8FC3CE1C-4B2E-4798-AC7F-57101F643180}.Debug|x64.Build.0 = Debug|Any CPU
		{8FC3CE1C-4B2E-4798-AC7F-57101F643180}.Debug|x86.ActiveCfg = Debug|Any CPU
		{8FC3CE1C-4B2E-4798-AC7F-57101F643180}.Debug|x86.Build.0 = Debug|Any CPU
		{8FC3CE1C-4B2E-4798-AC7F-57101F643180}.Release|Any CPU.ActiveCfg = Release|Any CPU
		{8FC3CE1C-4B2E-4798-AC7F-57101F643180}.Release|Any CPU.Build.0 = Release|Any CPU
		{8FC3CE1C-4B2E-4798-AC7F-57101F643180}.Release|x64.ActiveCfg = Release|Any CPU
		{8FC3CE1C-4B2E-4798-AC7F-57101F643180}.Release|x64.Build.0 = Release|Any CPU
		{8FC3CE1C-4B2E-4798-AC7F-57101F643180}.Release|x86.ActiveCfg = Release|Any CPU
		{8FC3CE1C-4B2E-4798-AC7F-57101F643180}.Release|x86.Build.0 = Release|Any CPU
		{8124887B-9C61-46AF-A691-DEF46817314C}.Debug|Any CPU.ActiveCfg = Debug|Any CPU
		{8124887B-9C61-46AF-A691-DEF46817314C}.Debug|Any CPU.Build.0 = Debug|Any CPU
		{8124887B-9C61-46AF-A691-DEF46817314C}.Debug|x64.ActiveCfg = Debug|Any CPU
		{8124887B-9C61-46AF-A691-DEF46817314C}.Debug|x64.Build.0 = Debug|Any CPU
		{8124887B-9C61-46AF-A691-DEF46817314C}.Debug|x86.ActiveCfg = Debug|Any CPU
		{8124887B-9C61-46AF-A691-DEF46817314C}.Debug|x86.Build.0 = Debug|Any CPU
		{8124887B-9C61-46AF-A691-DEF46817314C}.Release|Any CPU.ActiveCfg = Release|Any CPU
		{8124887B-9C61-46AF-A691-DEF46817314C}.Release|Any CPU.Build.0 = Release|Any CPU
		{8124887B-9C61-46AF-A691-DEF46817314C}.Release|x64.ActiveCfg = Release|Any CPU
		{8124887B-9C61-46AF-A691-DEF46817314C}.Release|x64.Build.0 = Release|Any CPU
		{8124887B-9C61-46AF-A691-DEF46817314C}.Release|x86.ActiveCfg = Release|Any CPU
		{8124887B-9C61-46AF-A691-DEF46817314C}.Release|x86.Build.0 = Release|Any CPU
		{D46222C2-F10F-48DB-A471-4F65B7CF4FB4}.Debug|Any CPU.ActiveCfg = Debug|Any CPU
		{D46222C2-F10F-48DB-A471-4F65B7CF4FB4}.Debug|Any CPU.Build.0 = Debug|Any CPU
		{D46222C2-F10F-48DB-A471-4F65B7CF4FB4}.Debug|x64.ActiveCfg = Debug|Any CPU
		{D46222C2-F10F-48DB-A471-4F65B7CF4FB4}.Debug|x64.Build.0 = Debug|Any CPU
		{D46222C2-F10F-48DB-A471-4F65B7CF4FB4}.Debug|x86.ActiveCfg = Debug|Any CPU
		{D46222C2-F10F-48DB-A471-4F65B7CF4FB4}.Debug|x86.Build.0 = Debug|Any CPU
		{D46222C2-F10F-48DB-A471-4F65B7CF4FB4}.Release|Any CPU.ActiveCfg = Release|Any CPU
		{D46222C2-F10F-48DB-A471-4F65B7CF4FB4}.Release|Any CPU.Build.0 = Release|Any CPU
		{D46222C2-F10F-48DB-A471-4F65B7CF4FB4}.Release|x64.ActiveCfg = Release|Any CPU
		{D46222C2-F10F-48DB-A471-4F65B7CF4FB4}.Release|x64.Build.0 = Release|Any CPU
		{D46222C2-F10F-48DB-A471-4F65B7CF4FB4}.Release|x86.ActiveCfg = Release|Any CPU
		{D46222C2-F10F-48DB-A471-4F65B7CF4FB4}.Release|x86.Build.0 = Release|Any CPU
		{0E6AD294-7FE4-4C5A-99A0-3B2C5F0E15F0}.Debug|Any CPU.ActiveCfg = Debug|Any CPU
		{0E6AD294-7FE4-4C5A-99A0-3B2C5F0E15F0}.Debug|Any CPU.Build.0 = Debug|Any CPU
		{0E6AD294-7FE4-4C5A-99A0-3B2C5F0E15F0}.Debug|x64.ActiveCfg = Debug|Any CPU
		{0E6AD294-7FE4-4C5A-99A0-3B2C5F0E15F0}.Debug|x64.Build.0 = Debug|Any CPU
		{0E6AD294-7FE4-4C5A-99A0-3B2C5F0E15F0}.Debug|x86.ActiveCfg = Debug|Any CPU
		{0E6AD294-7FE4-4C5A-99A0-3B2C5F0E15F0}.Debug|x86.Build.0 = Debug|Any CPU
		{0E6AD294-7FE4-4C5A-99A0-3B2C5F0E15F0}.Release|Any CPU.ActiveCfg = Release|Any CPU
		{0E6AD294-7FE4-4C5A-99A0-3B2C5F0E15F0}.Release|Any CPU.Build.0 = Release|Any CPU
		{0E6AD294-7FE4-4C5A-99A0-3B2C5F0E15F0}.Release|x64.ActiveCfg = Release|Any CPU
		{0E6AD294-7FE4-4C5A-99A0-3B2C5F0E15F0}.Release|x64.Build.0 = Release|Any CPU
		{0E6AD294-7FE4-4C5A-99A0-3B2C5F0E15F0}.Release|x86.ActiveCfg = Release|Any CPU
		{0E6AD294-7FE4-4C5A-99A0-3B2C5F0E15F0}.Release|x86.Build.0 = Release|Any CPU
		{50650619-08F3-49BC-A349-017B9C0F7FDC}.Debug|Any CPU.ActiveCfg = Debug|Any CPU
		{50650619-08F3-49BC-A349-017B9C0F7FDC}.Debug|Any CPU.Build.0 = Debug|Any CPU
		{50650619-08F3-49BC-A349-017B9C0F7FDC}.Debug|x64.ActiveCfg = Debug|Any CPU
		{50650619-08F3-49BC-A349-017B9C0F7FDC}.Debug|x64.Build.0 = Debug|Any CPU
		{50650619-08F3-49BC-A349-017B9C0F7FDC}.Debug|x86.ActiveCfg = Debug|Any CPU
		{50650619-08F3-49BC-A349-017B9C0F7FDC}.Debug|x86.Build.0 = Debug|Any CPU
		{50650619-08F3-49BC-A349-017B9C0F7FDC}.Release|Any CPU.ActiveCfg = Release|Any CPU
		{50650619-08F3-49BC-A349-017B9C0F7FDC}.Release|Any CPU.Build.0 = Release|Any CPU
		{50650619-08F3-49BC-A349-017B9C0F7FDC}.Release|x64.ActiveCfg = Release|Any CPU
		{50650619-08F3-49BC-A349-017B9C0F7FDC}.Release|x64.Build.0 = Release|Any CPU
		{50650619-08F3-49BC-A349-017B9C0F7FDC}.Release|x86.ActiveCfg = Release|Any CPU
		{50650619-08F3-49BC-A349-017B9C0F7FDC}.Release|x86.Build.0 = Release|Any CPU
		{16EF13D6-5CA5-4678-8D07-F61F1CC57B70}.Debug|Any CPU.ActiveCfg = Debug|Any CPU
		{16EF13D6-5CA5-4678-8D07-F61F1CC57B70}.Debug|Any CPU.Build.0 = Debug|Any CPU
		{16EF13D6-5CA5-4678-8D07-F61F1CC57B70}.Debug|x64.ActiveCfg = Debug|Any CPU
		{16EF13D6-5CA5-4678-8D07-F61F1CC57B70}.Debug|x64.Build.0 = Debug|Any CPU
		{16EF13D6-5CA5-4678-8D07-F61F1CC57B70}.Debug|x86.ActiveCfg = Debug|Any CPU
		{16EF13D6-5CA5-4678-8D07-F61F1CC57B70}.Debug|x86.Build.0 = Debug|Any CPU
		{16EF13D6-5CA5-4678-8D07-F61F1CC57B70}.Release|Any CPU.ActiveCfg = Release|Any CPU
		{16EF13D6-5CA5-4678-8D07-F61F1CC57B70}.Release|Any CPU.Build.0 = Release|Any CPU
		{16EF13D6-5CA5-4678-8D07-F61F1CC57B70}.Release|x64.ActiveCfg = Release|Any CPU
		{16EF13D6-5CA5-4678-8D07-F61F1CC57B70}.Release|x64.Build.0 = Release|Any CPU
		{16EF13D6-5CA5-4678-8D07-F61F1CC57B70}.Release|x86.ActiveCfg = Release|Any CPU
		{16EF13D6-5CA5-4678-8D07-F61F1CC57B70}.Release|x86.Build.0 = Release|Any CPU
		{830F3C8C-DB8F-48F4-B93E-3776F462F7F2}.Debug|Any CPU.ActiveCfg = Debug|Any CPU
		{830F3C8C-DB8F-48F4-B93E-3776F462F7F2}.Debug|Any CPU.Build.0 = Debug|Any CPU
		{830F3C8C-DB8F-48F4-B93E-3776F462F7F2}.Debug|x64.ActiveCfg = Debug|Any CPU
		{830F3C8C-DB8F-48F4-B93E-3776F462F7F2}.Debug|x64.Build.0 = Debug|Any CPU
		{830F3C8C-DB8F-48F4-B93E-3776F462F7F2}.Debug|x86.ActiveCfg = Debug|Any CPU
		{830F3C8C-DB8F-48F4-B93E-3776F462F7F2}.Debug|x86.Build.0 = Debug|Any CPU
		{830F3C8C-DB8F-48F4-B93E-3776F462F7F2}.Release|Any CPU.ActiveCfg = Release|Any CPU
		{830F3C8C-DB8F-48F4-B93E-3776F462F7F2}.Release|Any CPU.Build.0 = Release|Any CPU
		{830F3C8C-DB8F-48F4-B93E-3776F462F7F2}.Release|x64.ActiveCfg = Release|Any CPU
		{830F3C8C-DB8F-48F4-B93E-3776F462F7F2}.Release|x64.Build.0 = Release|Any CPU
		{830F3C8C-DB8F-48F4-B93E-3776F462F7F2}.Release|x86.ActiveCfg = Release|Any CPU
		{830F3C8C-DB8F-48F4-B93E-3776F462F7F2}.Release|x86.Build.0 = Release|Any CPU
		{F3467F51-7353-42ED-88CD-F51AA106A2BC}.Debug|Any CPU.ActiveCfg = Debug|Any CPU
		{F3467F51-7353-42ED-88CD-F51AA106A2BC}.Debug|Any CPU.Build.0 = Debug|Any CPU
		{F3467F51-7353-42ED-88CD-F51AA106A2BC}.Debug|x64.ActiveCfg = Debug|Any CPU
		{F3467F51-7353-42ED-88CD-F51AA106A2BC}.Debug|x64.Build.0 = Debug|Any CPU
		{F3467F51-7353-42ED-88CD-F51AA106A2BC}.Debug|x86.ActiveCfg = Debug|Any CPU
		{F3467F51-7353-42ED-88CD-F51AA106A2BC}.Debug|x86.Build.0 = Debug|Any CPU
		{F3467F51-7353-42ED-88CD-F51AA106A2BC}.Release|Any CPU.ActiveCfg = Release|Any CPU
		{F3467F51-7353-42ED-88CD-F51AA106A2BC}.Release|Any CPU.Build.0 = Release|Any CPU
		{F3467F51-7353-42ED-88CD-F51AA106A2BC}.Release|x64.ActiveCfg = Release|Any CPU
		{F3467F51-7353-42ED-88CD-F51AA106A2BC}.Release|x64.Build.0 = Release|Any CPU
		{F3467F51-7353-42ED-88CD-F51AA106A2BC}.Release|x86.ActiveCfg = Release|Any CPU
		{F3467F51-7353-42ED-88CD-F51AA106A2BC}.Release|x86.Build.0 = Release|Any CPU
		{5D8229B8-D313-4898-B1B4-FE4482655D36}.Debug|Any CPU.ActiveCfg = Debug|Any CPU
		{5D8229B8-D313-4898-B1B4-FE4482655D36}.Debug|Any CPU.Build.0 = Debug|Any CPU
		{5D8229B8-D313-4898-B1B4-FE4482655D36}.Debug|x64.ActiveCfg = Debug|Any CPU
		{5D8229B8-D313-4898-B1B4-FE4482655D36}.Debug|x64.Build.0 = Debug|Any CPU
		{5D8229B8-D313-4898-B1B4-FE4482655D36}.Debug|x86.ActiveCfg = Debug|Any CPU
		{5D8229B8-D313-4898-B1B4-FE4482655D36}.Debug|x86.Build.0 = Debug|Any CPU
		{5D8229B8-D313-4898-B1B4-FE4482655D36}.Release|Any CPU.ActiveCfg = Release|Any CPU
		{5D8229B8-D313-4898-B1B4-FE4482655D36}.Release|Any CPU.Build.0 = Release|Any CPU
		{5D8229B8-D313-4898-B1B4-FE4482655D36}.Release|x64.ActiveCfg = Release|Any CPU
		{5D8229B8-D313-4898-B1B4-FE4482655D36}.Release|x64.Build.0 = Release|Any CPU
		{5D8229B8-D313-4898-B1B4-FE4482655D36}.Release|x86.ActiveCfg = Release|Any CPU
		{5D8229B8-D313-4898-B1B4-FE4482655D36}.Release|x86.Build.0 = Release|Any CPU
	EndGlobalSection
	GlobalSection(SolutionProperties) = preSolution
		HideSolutionNode = FALSE
	EndGlobalSection
	GlobalSection(NestedProjects) = preSolution
		{16EF13D6-5CA5-4678-8D07-F61F1CC57B70} = {07C2787E-EAC7-C090-1BA3-A61EC2A24D84}
		{F3467F51-7353-42ED-88CD-F51AA106A2BC} = {07C2787E-EAC7-C090-1BA3-A61EC2A24D84}
		{5D8229B8-D313-4898-B1B4-FE4482655D36} = {07C2787E-EAC7-C090-1BA3-A61EC2A24D84}
	EndGlobalSection
EndGlobal
